
Microsoft Visual Studio Solution File, Format Version 12.00
# Visual Studio Version 17
VisualStudioVersion = 17.9.34622.214
MinimumVisualStudioVersion = 10.0.40219.1
Project("{FAE04EC0-301F-11D3-BF4B-00C04F79EFBC}") = "Total", "Total\Total.csproj", "{552517C7-49C8-4B0D-AB19-6F8A79F85298}"
EndProject
Global
	GlobalSection(SolutionConfigurationPlatforms) = preSolution
		Debug|Any CPU = Debug|Any CPU
		Release|Any CPU = Release|Any CPU
	EndGlobalSection
	GlobalSection(ProjectConfigurationPlatforms) = postSolution
		{552517C7-49C8-4B0D-AB19-6F8A79F85298}.Debug|Any CPU.ActiveCfg = Debug|Any CPU
		{552517C7-49C8-4B0D-AB19-6F8A79F85298}.Debug|Any CPU.Build.0 = Debug|Any CPU
		{552517C7-49C8-4B0D-AB19-6F8A79F85298}.Release|Any CPU.ActiveCfg = Release|Any CPU
		{552517C7-49C8-4B0D-AB19-6F8A79F85298}.Release|Any CPU.Build.0 = Release|Any CPU
	EndGlobalSection
	GlobalSection(SolutionProperties) = preSolution
		HideSolutionNode = FALSE
	EndGlobalSection
	GlobalSection(ExtensibilityGlobals) = postSolution
		SolutionGuid = {E935A36F-6316-48D6-A8BE-7C4F512D16FF}
	EndGlobalSection
EndGlobal
