
Microsoft Visual Studio Solution File, Format Version 12.00
# Visual Studio Version 17
VisualStudioVersion = 17.9.34622.214
MinimumVisualStudioVersion = 10.0.40219.1
Project("{FAE04EC0-301F-11D3-BF4B-00C04F79EFBC}") = "TryCatch", "TryCatch\TryCatch.csproj", "{3106B5BC-F576-4D52-828F-64D0306E8FF1}"
EndProject
Global
	GlobalSection(SolutionConfigurationPlatforms) = preSolution
		Debug|Any CPU = Debug|Any CPU
		Release|Any CPU = Release|Any CPU
	EndGlobalSection
	GlobalSection(ProjectConfigurationPlatforms) = postSolution
		{3106B5BC-F576-4D52-828F-64D0306E8FF1}.Debug|Any CPU.ActiveCfg = Debug|Any CPU
		{3106B5BC-F576-4D52-828F-64D0306E8FF1}.Debug|Any CPU.Build.0 = Debug|Any CPU
		{3106B5BC-F576-4D52-828F-64D0306E8FF1}.Release|Any CPU.ActiveCfg = Release|Any CPU
		{3106B5BC-F576-4D52-828F-64D0306E8FF1}.Release|Any CPU.Build.0 = Release|Any CPU
	EndGlobalSection
	GlobalSection(SolutionProperties) = preSolution
		HideSolutionNode = FALSE
	EndGlobalSection
	GlobalSection(ExtensibilityGlobals) = postSolution
		SolutionGuid = {1F260B68-5C86-41EA-9938-A6B1F153668A}
	EndGlobalSection
EndGlobal
